
Microsoft Visual Studio Solution File, Format Version 12.00
# Visual Studio 2012
Project("{FAE04EC0-301F-11D3-BF4B-00C04F79EFBC}") = "Memotions", "Memotions\Memotions.csproj", "{4664C2C3-1C6A-4802-BB4F-2BB357B4E35C}"
EndProject
Project("{FAE04EC0-301F-11D3-BF4B-00C04F79EFBC}") = "Memotions.Droid", "Droid\Memotions.Droid.csproj", "{0F3E4DCA-0A26-4207-9AF1-E6837DF2B957}"
EndProject
Project("{FAE04EC0-301F-11D3-BF4B-00C04F79EFBC}") = "Memotions.iOS", "iOS\Memotions.iOS.csproj", "{D9B41410-1F38-433C-8023-B033401D0A75}"
EndProject
Global
	GlobalSection(SolutionConfigurationPlatforms) = preSolution
		Debug|Any CPU = Debug|Any CPU
		Release|Any CPU = Release|Any CPU
		Debug|iPhoneSimulator = Debug|iPhoneSimulator
		Release|iPhone = Release|iPhone
		Release|iPhoneSimulator = Release|iPhoneSimulator
		Debug|iPhone = Debug|iPhone
	EndGlobalSection
	GlobalSection(ProjectConfigurationPlatforms) = postSolution
		{4664C2C3-1C6A-4802-BB4F-2BB357B4E35C}.Debug|Any CPU.ActiveCfg = Debug|Any CPU
		{4664C2C3-1C6A-4802-BB4F-2BB357B4E35C}.Debug|Any CPU.Build.0 = Debug|Any CPU
		{4664C2C3-1C6A-4802-BB4F-2BB357B4E35C}.Release|Any CPU.ActiveCfg = Release|Any CPU
		{4664C2C3-1C6A-4802-BB4F-2BB357B4E35C}.Release|Any CPU.Build.0 = Release|Any CPU
		{4664C2C3-1C6A-4802-BB4F-2BB357B4E35C}.Debug|iPhoneSimulator.ActiveCfg = Debug|Any CPU
		{4664C2C3-1C6A-4802-BB4F-2BB357B4E35C}.Debug|iPhoneSimulator.Build.0 = Debug|Any CPU
		{4664C2C3-1C6A-4802-BB4F-2BB357B4E35C}.Release|iPhone.ActiveCfg = Release|Any CPU
		{4664C2C3-1C6A-4802-BB4F-2BB357B4E35C}.Release|iPhone.Build.0 = Release|Any CPU
		{4664C2C3-1C6A-4802-BB4F-2BB357B4E35C}.Release|iPhoneSimulator.ActiveCfg = Release|Any CPU
		{4664C2C3-1C6A-4802-BB4F-2BB357B4E35C}.Release|iPhoneSimulator.Build.0 = Release|Any CPU
		{4664C2C3-1C6A-4802-BB4F-2BB357B4E35C}.Debug|iPhone.ActiveCfg = Debug|Any CPU
		{4664C2C3-1C6A-4802-BB4F-2BB357B4E35C}.Debug|iPhone.Build.0 = Debug|Any CPU
		{D9B41410-1F38-433C-8023-B033401D0A75}.Debug|Any CPU.ActiveCfg = Debug|iPhoneSimulator
		{D9B41410-1F38-433C-8023-B033401D0A75}.Debug|Any CPU.Build.0 = Debug|iPhoneSimulator
		{D9B41410-1F38-433C-8023-B033401D0A75}.Release|Any CPU.ActiveCfg = Release|iPhone
		{D9B41410-1F38-433C-8023-B033401D0A75}.Release|Any CPU.Build.0 = Release|iPhone
		{D9B41410-1F38-433C-8023-B033401D0A75}.Debug|iPhoneSimulator.ActiveCfg = Debug|iPhoneSimulator
		{D9B41410-1F38-433C-8023-B033401D0A75}.Debug|iPhoneSimulator.Build.0 = Debug|iPhoneSimulator
		{D9B41410-1F38-433C-8023-B033401D0A75}.Release|iPhone.ActiveCfg = Release|iPhone
		{D9B41410-1F38-433C-8023-B033401D0A75}.Release|iPhone.Build.0 = Release|iPhone
		{D9B41410-1F38-433C-8023-B033401D0A75}.Release|iPhoneSimulator.ActiveCfg = Release|iPhoneSimulator
		{D9B41410-1F38-433C-8023-B033401D0A75}.Release|iPhoneSimulator.Build.0 = Release|iPhoneSimulator
		{D9B41410-1F38-433C-8023-B033401D0A75}.Debug|iPhone.ActiveCfg = Debug|iPhone
		{D9B41410-1F38-433C-8023-B033401D0A75}.Debug|iPhone.Build.0 = Debug|iPhone
		{0F3E4DCA-0A26-4207-9AF1-E6837DF2B957}.Debug|Any CPU.ActiveCfg = Debug|Any CPU
		{0F3E4DCA-0A26-4207-9AF1-E6837DF2B957}.Debug|Any CPU.Build.0 = Debug|Any CPU
		{0F3E4DCA-0A26-4207-9AF1-E6837DF2B957}.Release|Any CPU.ActiveCfg = Release|Any CPU
		{0F3E4DCA-0A26-4207-9AF1-E6837DF2B957}.Release|Any CPU.Build.0 = Release|Any CPU
		{0F3E4DCA-0A26-4207-9AF1-E6837DF2B957}.Debug|iPhoneSimulator.ActiveCfg = Debug|Any CPU
		{0F3E4DCA-0A26-4207-9AF1-E6837DF2B957}.Debug|iPhoneSimulator.Build.0 = Debug|Any CPU
		{0F3E4DCA-0A26-4207-9AF1-E6837DF2B957}.Release|iPhone.ActiveCfg = Release|Any CPU
		{0F3E4DCA-0A26-4207-9AF1-E6837DF2B957}.Release|iPhone.Build.0 = Release|Any CPU
		{0F3E4DCA-0A26-4207-9AF1-E6837DF2B957}.Release|iPhoneSimulator.ActiveCfg = Release|Any CPU
		{0F3E4DCA-0A26-4207-9AF1-E6837DF2B957}.Release|iPhoneSimulator.Build.0 = Release|Any CPU
		{0F3E4DCA-0A26-4207-9AF1-E6837DF2B957}.Debug|iPhone.ActiveCfg = Debug|Any CPU
		{0F3E4DCA-0A26-4207-9AF1-E6837DF2B957}.Debug|iPhone.Build.0 = Debug|Any CPU
	EndGlobalSection
EndGlobal
